
Microsoft Visual Studio Solution File, Format Version 12.00
# Visual Studio 15
VisualStudioVersion = 15.0.26124.0
MinimumVisualStudioVersion = 15.0.26124.0
Project("{FAE04EC0-301F-11D3-BF4B-00C04F79EFBC}") = "SamuraiApp.UI", "SamuraiApp.UI\SamuraiApp.UI.csproj", "{C5D2DBB7-67F7-48F7-B0A7-570FD06B962A}"
EndProject
Project("{FAE04EC0-301F-11D3-BF4B-00C04F79EFBC}") = "SamuraiApp.Data", "SamuraiApp.Data\SamuraiApp.Data.csproj", "{1981C78B-868C-4499-9A38-78031C2037EF}"
EndProject
Project("{FAE04EC0-301F-11D3-BF4B-00C04F79EFBC}") = "SauraiApp.Domain", "SamuraiApp.Domain\SauraiApp.Domain.csproj", "{C395D824-E4CF-4EAB-870B-D379AC91CF09}"
EndProject
Global
	GlobalSection(SolutionConfigurationPlatforms) = preSolution
		Debug|Any CPU = Debug|Any CPU
		Debug|x64 = Debug|x64
		Debug|x86 = Debug|x86
		Release|Any CPU = Release|Any CPU
		Release|x64 = Release|x64
		Release|x86 = Release|x86
	EndGlobalSection
	GlobalSection(SolutionProperties) = preSolution
		HideSolutionNode = FALSE
	EndGlobalSection
	GlobalSection(ProjectConfigurationPlatforms) = postSolution
		{C5D2DBB7-67F7-48F7-B0A7-570FD06B962A}.Debug|Any CPU.ActiveCfg = Debug|Any CPU
		{C5D2DBB7-67F7-48F7-B0A7-570FD06B962A}.Debug|Any CPU.Build.0 = Debug|Any CPU
		{C5D2DBB7-67F7-48F7-B0A7-570FD06B962A}.Debug|x64.ActiveCfg = Debug|Any CPU
		{C5D2DBB7-67F7-48F7-B0A7-570FD06B962A}.Debug|x64.Build.0 = Debug|Any CPU
		{C5D2DBB7-67F7-48F7-B0A7-570FD06B962A}.Debug|x86.ActiveCfg = Debug|Any CPU
		{C5D2DBB7-67F7-48F7-B0A7-570FD06B962A}.Debug|x86.Build.0 = Debug|Any CPU
		{C5D2DBB7-67F7-48F7-B0A7-570FD06B962A}.Release|Any CPU.ActiveCfg = Release|Any CPU
		{C5D2DBB7-67F7-48F7-B0A7-570FD06B962A}.Release|Any CPU.Build.0 = Release|Any CPU
		{C5D2DBB7-67F7-48F7-B0A7-570FD06B962A}.Release|x64.ActiveCfg = Release|Any CPU
		{C5D2DBB7-67F7-48F7-B0A7-570FD06B962A}.Release|x64.Build.0 = Release|Any CPU
		{C5D2DBB7-67F7-48F7-B0A7-570FD06B962A}.Release|x86.ActiveCfg = Release|Any CPU
		{C5D2DBB7-67F7-48F7-B0A7-570FD06B962A}.Release|x86.Build.0 = Release|Any CPU
		{1981C78B-868C-4499-9A38-78031C2037EF}.Debug|Any CPU.ActiveCfg = Debug|Any CPU
		{1981C78B-868C-4499-9A38-78031C2037EF}.Debug|Any CPU.Build.0 = Debug|Any CPU
		{1981C78B-868C-4499-9A38-78031C2037EF}.Debug|x64.ActiveCfg = Debug|Any CPU
		{1981C78B-868C-4499-9A38-78031C2037EF}.Debug|x64.Build.0 = Debug|Any CPU
		{1981C78B-868C-4499-9A38-78031C2037EF}.Debug|x86.ActiveCfg = Debug|Any CPU
		{1981C78B-868C-4499-9A38-78031C2037EF}.Debug|x86.Build.0 = Debug|Any CPU
		{1981C78B-868C-4499-9A38-78031C2037EF}.Release|Any CPU.ActiveCfg = Release|Any CPU
		{1981C78B-868C-4499-9A38-78031C2037EF}.Release|Any CPU.Build.0 = Release|Any CPU
		{1981C78B-868C-4499-9A38-78031C2037EF}.Release|x64.ActiveCfg = Release|Any CPU
		{1981C78B-868C-4499-9A38-78031C2037EF}.Release|x64.Build.0 = Release|Any CPU
		{1981C78B-868C-4499-9A38-78031C2037EF}.Release|x86.ActiveCfg = Release|Any CPU
		{1981C78B-868C-4499-9A38-78031C2037EF}.Release|x86.Build.0 = Release|Any CPU
		{C395D824-E4CF-4EAB-870B-D379AC91CF09}.Debug|Any CPU.ActiveCfg = Debug|Any CPU
		{C395D824-E4CF-4EAB-870B-D379AC91CF09}.Debug|Any CPU.Build.0 = Debug|Any CPU
		{C395D824-E4CF-4EAB-870B-D379AC91CF09}.Debug|x64.ActiveCfg = Debug|Any CPU
		{C395D824-E4CF-4EAB-870B-D379AC91CF09}.Debug|x64.Build.0 = Debug|Any CPU
		{C395D824-E4CF-4EAB-870B-D379AC91CF09}.Debug|x86.ActiveCfg = Debug|Any CPU
		{C395D824-E4CF-4EAB-870B-D379AC91CF09}.Debug|x86.Build.0 = Debug|Any CPU
		{C395D824-E4CF-4EAB-870B-D379AC91CF09}.Release|Any CPU.ActiveCfg = Release|Any CPU
		{C395D824-E4CF-4EAB-870B-D379AC91CF09}.Release|Any CPU.Build.0 = Release|Any CPU
		{C395D824-E4CF-4EAB-870B-D379AC91CF09}.Release|x64.ActiveCfg = Release|Any CPU
		{C395D824-E4CF-4EAB-870B-D379AC91CF09}.Release|x64.Build.0 = Release|Any CPU
		{C395D824-E4CF-4EAB-870B-D379AC91CF09}.Release|x86.ActiveCfg = Release|Any CPU
		{C395D824-E4CF-4EAB-870B-D379AC91CF09}.Release|x86.Build.0 = Release|Any CPU
	EndGlobalSection
EndGlobal
